
Microsoft Visual Studio Solution File, Format Version 12.00
# Visual Studio Version 17
VisualStudioVersion = 17.14.36015.10
MinimumVisualStudioVersion = 10.0.40219.1
Project("{8BC9CEB8-8B4A-11D0-8D11-00A0C91BC942}") = "iron deficiency and anemia detector", "iron deficiency and anemia detector.vcxproj", "{74D3CD3F-5DB6-404B-8C1D-24D027204AD1}"
EndProject
Global
	GlobalSection(SolutionConfigurationPlatforms) = preSolution
		Debug|x64 = Debug|x64
		Debug|x86 = Debug|x86
		Release|x64 = Release|x64
		Release|x86 = Release|x86
	EndGlobalSection
	GlobalSection(ProjectConfigurationPlatforms) = postSolution
		{74D3CD3F-5DB6-404B-8C1D-24D027204AD1}.Debug|x64.ActiveCfg = Debug|x64
		{74D3CD3F-5DB6-404B-8C1D-24D027204AD1}.Debug|x64.Build.0 = Debug|x64
		{74D3CD3F-5DB6-404B-8C1D-24D027204AD1}.Debug|x86.ActiveCfg = Debug|Win32
		{74D3CD3F-5DB6-404B-8C1D-24D027204AD1}.Debug|x86.Build.0 = Debug|Win32
		{74D3CD3F-5DB6-404B-8C1D-24D027204AD1}.Release|x64.ActiveCfg = Release|x64
		{74D3CD3F-5DB6-404B-8C1D-24D027204AD1}.Release|x64.Build.0 = Release|x64
		{74D3CD3F-5DB6-404B-8C1D-24D027204AD1}.Release|x86.ActiveCfg = Release|Win32
		{74D3CD3F-5DB6-404B-8C1D-24D027204AD1}.Release|x86.Build.0 = Release|Win32
	EndGlobalSection
	GlobalSection(SolutionProperties) = preSolution
		HideSolutionNode = FALSE
	EndGlobalSection
	GlobalSection(ExtensibilityGlobals) = postSolution
		SolutionGuid = {AF667B92-5053-4CC3-B201-A96B3C7DAE9F}
	EndGlobalSection
EndGlobal
